// !$*UTF8*$!
{
	archiveVersion = 1;
	classes = {
	};
	objectVersion = 48;
	objects = {

/* Begin PBXBuildFile section */
		36CB326B880215E32C193779 /* libPods-BGYZhiTuo.a in Frameworks */ = {isa = PBXBuildFile; fileRef = E461B8E4F1782044632523E8 /* libPods-BGYZhiTuo.a */; };
		A1014A2A1FD12E9C0049624A /* BgyTool.m in Sources */ = {isa = PBXBuildFile; fileRef = A1014A291FD12E9C0049624A /* BgyTool.m */; };
		A1091B561FC50B7A0062BB99 /* LocationManager.m in Sources */ = {isa = PBXBuildFile; fileRef = A1091B551FC50B7A0062BB99 /* LocationManager.m */; };
		A10B768E1FC3C68800583200 /* UIView+Toast.m in Sources */ = {isa = PBXBuildFile; fileRef = A10B768D1FC3C68800583200 /* UIView+Toast.m */; };
		A10B76911FC3C6A900583200 /* UIView+ViewController.m in Sources */ = {isa = PBXBuildFile; fileRef = A10B76901FC3C6A800583200 /* UIView+ViewController.m */; };
		A1229DBE1FD69AB400A2D5F6 /* SPRNProject.jsbundle in Resources */ = {isa = PBXBuildFile; fileRef = A1229DBD1FD69AB400A2D5F6 /* SPRNProject.jsbundle */; };
		A1280EFA1FBD95EE005007D1 /* UIView+Extension.m in Sources */ = {isa = PBXBuildFile; fileRef = A1280EF91FBD95EE005007D1 /* UIView+Extension.m */; };
		A138F2291FBD846700058855 /* AppDelegate.m in Sources */ = {isa = PBXBuildFile; fileRef = A138F2281FBD846700058855 /* AppDelegate.m */; };
		A138F22C1FBD846700058855 /* ViewController.m in Sources */ = {isa = PBXBuildFile; fileRef = A138F22B1FBD846700058855 /* ViewController.m */; };
		A138F22F1FBD846700058855 /* Main.storyboard in Resources */ = {isa = PBXBuildFile; fileRef = A138F22D1FBD846700058855 /* Main.storyboard */; };
		A138F2311FBD846700058855 /* Assets.xcassets in Resources */ = {isa = PBXBuildFile; fileRef = A138F2301FBD846700058855 /* Assets.xcassets */; };
		A138F2341FBD846700058855 /* LaunchScreen.storyboard in Resources */ = {isa = PBXBuildFile; fileRef = A138F2321FBD846700058855 /* LaunchScreen.storyboard */; };
		A138F2371FBD846700058855 /* main.m in Sources */ = {isa = PBXBuildFile; fileRef = A138F2361FBD846700058855 /* main.m */; };
		A138F2411FBD846700058855 /* BGYZhiTuoTests.m in Sources */ = {isa = PBXBuildFile; fileRef = A138F2401FBD846700058855 /* BGYZhiTuoTests.m */; };
		A138F24C1FBD846700058855 /* BGYZhiTuoUITests.m in Sources */ = {isa = PBXBuildFile; fileRef = A138F24B1FBD846700058855 /* BGYZhiTuoUITests.m */; };
		A138F2731FBD88DA00058855 /* tabbar_home_icon_unselect@2x.png in Resources */ = {isa = PBXBuildFile; fileRef = A138F2711FBD88DA00058855 /* tabbar_home_icon_unselect@2x.png */; };
		A138F2741FBD88DA00058855 /* tabbar_home_icon_select@2x.png in Resources */ = {isa = PBXBuildFile; fileRef = A138F2721FBD88DA00058855 /* tabbar_home_icon_select@2x.png */; };
		A138F2AC1FBD93E000058855 /* UIImage+Common.m in Sources */ = {isa = PBXBuildFile; fileRef = A138F2781FBD93E000058855 /* UIImage+Common.m */; };
		A138F2AD1FBD93E000058855 /* NSDate+Extension.m in Sources */ = {isa = PBXBuildFile; fileRef = A138F27B1FBD93E000058855 /* NSDate+Extension.m */; };
		A138F2AE1FBD93E000058855 /* UILabel+Extension.m in Sources */ = {isa = PBXBuildFile; fileRef = A138F27D1FBD93E000058855 /* UILabel+Extension.m */; };
		A138F2AF1FBD93E000058855 /* NSString+Extenison.m in Sources */ = {isa = PBXBuildFile; fileRef = A138F2811FBD93E000058855 /* NSString+Extenison.m */; };
		A138F2B01FBD93E000058855 /* NSUserDefaults+Extension.m in Sources */ = {isa = PBXBuildFile; fileRef = A138F2841FBD93E000058855 /* NSUserDefaults+Extension.m */; };
		A138F2B21FBD93E000058855 /* UICollectionView+Extension.m in Sources */ = {isa = PBXBuildFile; fileRef = A138F28A1FBD93E000058855 /* UICollectionView+Extension.m */; };
		A138F2B31FBD93E000058855 /* UIColor+Extension.m in Sources */ = {isa = PBXBuildFile; fileRef = A138F28D1FBD93E000058855 /* UIColor+Extension.m */; };
		A138F2B41FBD93E000058855 /* UINavigationController+JKStackManager.m in Sources */ = {isa = PBXBuildFile; fileRef = A138F28F1FBD93E000058855 /* UINavigationController+JKStackManager.m */; };
		A138F2B51FBD93E000058855 /* UITableView+Extension.m in Sources */ = {isa = PBXBuildFile; fileRef = A138F2921FBD93E000058855 /* UITableView+Extension.m */; };
		A138F2B61FBD93E000058855 /* UIViewController+Extension.m in Sources */ = {isa = PBXBuildFile; fileRef = A138F2951FBD93E000058855 /* UIViewController+Extension.m */; };
		A138F2B81FBD93E000058855 /* NSArray+Log.m in Sources */ = {isa = PBXBuildFile; fileRef = A138F29C1FBD93E000058855 /* NSArray+Log.m */; };
		A138F2B91FBD93E000058855 /* NSDictionary+Extension.m in Sources */ = {isa = PBXBuildFile; fileRef = A138F29F1FBD93E000058855 /* NSDictionary+Extension.m */; };
		A138F2BB1FBD93E000058855 /* UIViewController+BackButtonHandler.m in Sources */ = {isa = PBXBuildFile; fileRef = A138F2A41FBD93E000058855 /* UIViewController+BackButtonHandler.m */; };
		A138F2BC1FBD93E000058855 /* CALayer+UIColor.m in Sources */ = {isa = PBXBuildFile; fileRef = A138F2A81FBD93E000058855 /* CALayer+UIColor.m */; };
		A138F2BD1FBD93E000058855 /* UIButton+EnlargeTouchArea.m in Sources */ = {isa = PBXBuildFile; fileRef = A138F2AB1FBD93E000058855 /* UIButton+EnlargeTouchArea.m */; };
		A14BF07D1FC4211800C79EE0 /* FSCustomButton.m in Sources */ = {isa = PBXBuildFile; fileRef = A14BF07B1FC4211800C79EE0 /* FSCustomButton.m */; };
		A14BF07E1FC4211800C79EE0 /* CALayer+FSUI.m in Sources */ = {isa = PBXBuildFile; fileRef = A14BF07C1FC4211800C79EE0 /* CALayer+FSUI.m */; };
		A1A26E2D1FC56F1800AAB5F3 /* MainTabBarController.m in Sources */ = {isa = PBXBuildFile; fileRef = A1A26E251FC56F1800AAB5F3 /* MainTabBarController.m */; };
		A1A26E2E1FC56F1800AAB5F3 /* NavigationViewController.m in Sources */ = {isa = PBXBuildFile; fileRef = A1A26E271FC56F1800AAB5F3 /* NavigationViewController.m */; };
		A1A26E2F1FC56F1800AAB5F3 /* MyTabBar.m in Sources */ = {isa = PBXBuildFile; fileRef = A1A26E291FC56F1800AAB5F3 /* MyTabBar.m */; };
		A1A26E301FC56F1800AAB5F3 /* BaseVC.m in Sources */ = {isa = PBXBuildFile; fileRef = A1A26E2C1FC56F1800AAB5F3 /* BaseVC.m */; };
		A1CEBFFB1FD68D2E00F91498 /* RNBridgeModule.m in Sources */ = {isa = PBXBuildFile; fileRef = A1CEBFF81FD68D2700F91498 /* RNBridgeModule.m */; };
		A1CEBFFC1FD68D2E00F91498 /* RNManagerVC.m in Sources */ = {isa = PBXBuildFile; fileRef = A1CEBFF91FD68D2A00F91498 /* RNManagerVC.m */; };
		A1FC0FAE1FC56FF000BB20C2 /* HomeViewController.m in Sources */ = {isa = PBXBuildFile; fileRef = A1FC0FAC1FC56FF000BB20C2 /* HomeViewController.m */; };
		A1FC0FAF1FC56FF000BB20C2 /* HomeViewController.xib in Resources */ = {isa = PBXBuildFile; fileRef = A1FC0FAD1FC56FF000BB20C2 /* HomeViewController.xib */; };
/* End PBXBuildFile section */

/* Begin PBXContainerItemProxy section */
		A138F23D1FBD846700058855 /* PBXContainerItemProxy */ = {
			isa = PBXContainerItemProxy;
			containerPortal = A138F21C1FBD846700058855 /* Project object */;
			proxyType = 1;
			remoteGlobalIDString = A138F2231FBD846700058855;
			remoteInfo = BGYZhiTuo;
		};
		A138F2481FBD846700058855 /* PBXContainerItemProxy */ = {
			isa = PBXContainerItemProxy;
			containerPortal = A138F21C1FBD846700058855 /* Project object */;
			proxyType = 1;
			remoteGlobalIDString = A138F2231FBD846700058855;
			remoteInfo = BGYZhiTuo;
		};
/* End PBXContainerItemProxy section */

/* Begin PBXFileReference section */
		3DB1ED9D6AA48BC8721D0928 /* Pods-BGYZhiTuo.debug.xcconfig */ = {isa = PBXFileReference; includeInIndex = 1; lastKnownFileType = text.xcconfig; name = "Pods-BGYZhiTuo.debug.xcconfig"; path = "Pods/Target Support Files/Pods-BGYZhiTuo/Pods-BGYZhiTuo.debug.xcconfig"; sourceTree = "<group>"; };
		6586FE18220D4FC394682A6F /* Pods-BGYZhiTuo.release.xcconfig */ = {isa = PBXFileReference; includeInIndex = 1; lastKnownFileType = text.xcconfig; name = "Pods-BGYZhiTuo.release.xcconfig"; path = "Pods/Target Support Files/Pods-BGYZhiTuo/Pods-BGYZhiTuo.release.xcconfig"; sourceTree = "<group>"; };
		A1014A281FD12E9C0049624A /* BgyTool.h */ = {isa = PBXFileReference; lastKnownFileType = sourcecode.c.h; path = BgyTool.h; sourceTree = "<group>"; };
		A1014A291FD12E9C0049624A /* BgyTool.m */ = {isa = PBXFileReference; lastKnownFileType = sourcecode.c.objc; path = BgyTool.m; sourceTree = "<group>"; };
		A1091B541FC50B7A0062BB99 /* LocationManager.h */ = {isa = PBXFileReference; lastKnownFileType = sourcecode.c.h; path = LocationManager.h; sourceTree = "<group>"; };
		A1091B551FC50B7A0062BB99 /* LocationManager.m */ = {isa = PBXFileReference; lastKnownFileType = sourcecode.c.objc; path = LocationManager.m; sourceTree = "<group>"; };
		A10B768C1FC3C68800583200 /* UIView+Toast.h */ = {isa = PBXFileReference; fileEncoding = 4; lastKnownFileType = sourcecode.c.h; path = "UIView+Toast.h"; sourceTree = "<group>"; };
		A10B768D1FC3C68800583200 /* UIView+Toast.m */ = {isa = PBXFileReference; fileEncoding = 4; lastKnownFileType = sourcecode.c.objc; path = "UIView+Toast.m"; sourceTree = "<group>"; };
		A10B768F1FC3C6A800583200 /* UIView+ViewController.h */ = {isa = PBXFileReference; fileEncoding = 4; lastKnownFileType = sourcecode.c.h; path = "UIView+ViewController.h"; sourceTree = "<group>"; };
		A10B76901FC3C6A800583200 /* UIView+ViewController.m */ = {isa = PBXFileReference; fileEncoding = 4; lastKnownFileType = sourcecode.c.objc; path = "UIView+ViewController.m"; sourceTree = "<group>"; };
		A119ECC41FC415B300555382 /* ImportDefine.h */ = {isa = PBXFileReference; lastKnownFileType = sourcecode.c.h; path = ImportDefine.h; sourceTree = "<group>"; };
		A1229DBD1FD69AB400A2D5F6 /* SPRNProject.jsbundle */ = {isa = PBXFileReference; fileEncoding = 4; lastKnownFileType = text; name = SPRNProject.jsbundle; path = ReactVC/jsBundle/SPRNProject.jsbundle; sourceTree = SOURCE_ROOT; };
		A1280EF81FBD95EE005007D1 /* UIView+Extension.h */ = {isa = PBXFileReference; fileEncoding = 4; lastKnownFileType = sourcecode.c.h; path = "UIView+Extension.h"; sourceTree = "<group>"; };
		A1280EF91FBD95EE005007D1 /* UIView+Extension.m */ = {isa = PBXFileReference; fileEncoding = 4; lastKnownFileType = sourcecode.c.objc; path = "UIView+Extension.m"; sourceTree = "<group>"; };
		A138F2241FBD846700058855 /* BGYZhiTuo.app */ = {isa = PBXFileReference; explicitFileType = wrapper.application; includeInIndex = 0; path = BGYZhiTuo.app; sourceTree = BUILT_PRODUCTS_DIR; };
		A138F2271FBD846700058855 /* AppDelegate.h */ = {isa = PBXFileReference; lastKnownFileType = sourcecode.c.h; path = AppDelegate.h; sourceTree = "<group>"; };
		A138F2281FBD846700058855 /* AppDelegate.m */ = {isa = PBXFileReference; lastKnownFileType = sourcecode.c.objc; path = AppDelegate.m; sourceTree = "<group>"; };
		A138F22A1FBD846700058855 /* ViewController.h */ = {isa = PBXFileReference; lastKnownFileType = sourcecode.c.h; path = ViewController.h; sourceTree = "<group>"; };
		A138F22B1FBD846700058855 /* ViewController.m */ = {isa = PBXFileReference; lastKnownFileType = sourcecode.c.objc; path = ViewController.m; sourceTree = "<group>"; };
		A138F22E1FBD846700058855 /* Base */ = {isa = PBXFileReference; lastKnownFileType = file.storyboard; name = Base; path = Base.lproj/Main.storyboard; sourceTree = "<group>"; };
		A138F2301FBD846700058855 /* Assets.xcassets */ = {isa = PBXFileReference; lastKnownFileType = folder.assetcatalog; path = Assets.xcassets; sourceTree = "<group>"; };
		A138F2331FBD846700058855 /* Base */ = {isa = PBXFileReference; lastKnownFileType = file.storyboard; name = Base; path = Base.lproj/LaunchScreen.storyboard; sourceTree = "<group>"; };
		A138F2351FBD846700058855 /* Info.plist */ = {isa = PBXFileReference; lastKnownFileType = text.plist.xml; path = Info.plist; sourceTree = "<group>"; };
		A138F2361FBD846700058855 /* main.m */ = {isa = PBXFileReference; lastKnownFileType = sourcecode.c.objc; path = main.m; sourceTree = "<group>"; };
		A138F23C1FBD846700058855 /* BGYZhiTuoTests.xctest */ = {isa = PBXFileReference; explicitFileType = wrapper.cfbundle; includeInIndex = 0; path = BGYZhiTuoTests.xctest; sourceTree = BUILT_PRODUCTS_DIR; };
		A138F2401FBD846700058855 /* BGYZhiTuoTests.m */ = {isa = PBXFileReference; lastKnownFileType = sourcecode.c.objc; path = BGYZhiTuoTests.m; sourceTree = "<group>"; };
		A138F2421FBD846700058855 /* Info.plist */ = {isa = PBXFileReference; lastKnownFileType = text.plist.xml; path = Info.plist; sourceTree = "<group>"; };
		A138F2471FBD846700058855 /* BGYZhiTuoUITests.xctest */ = {isa = PBXFileReference; explicitFileType = wrapper.cfbundle; includeInIndex = 0; path = BGYZhiTuoUITests.xctest; sourceTree = BUILT_PRODUCTS_DIR; };
		A138F24B1FBD846700058855 /* BGYZhiTuoUITests.m */ = {isa = PBXFileReference; lastKnownFileType = sourcecode.c.objc; path = BGYZhiTuoUITests.m; sourceTree = "<group>"; };
		A138F24D1FBD846700058855 /* Info.plist */ = {isa = PBXFileReference; lastKnownFileType = text.plist.xml; path = Info.plist; sourceTree = "<group>"; };
		A138F26A1FBD862600058855 /* PrefixHeader.pch */ = {isa = PBXFileReference; lastKnownFileType = sourcecode.c.h; path = PrefixHeader.pch; sourceTree = "<group>"; };
		A138F26B1FBD866100058855 /* BgyDefine.h */ = {isa = PBXFileReference; lastKnownFileType = sourcecode.c.h; path = BgyDefine.h; sourceTree = "<group>"; };
		A138F2711FBD88DA00058855 /* tabbar_home_icon_unselect@2x.png */ = {isa = PBXFileReference; lastKnownFileType = image.png; path = "tabbar_home_icon_unselect@2x.png"; sourceTree = "<group>"; };
		A138F2721FBD88DA00058855 /* tabbar_home_icon_select@2x.png */ = {isa = PBXFileReference; lastKnownFileType = image.png; path = "tabbar_home_icon_select@2x.png"; sourceTree = "<group>"; };
		A138F2771FBD93E000058855 /* UIImage+Common.h */ = {isa = PBXFileReference; fileEncoding = 4; lastKnownFileType = sourcecode.c.h; path = "UIImage+Common.h"; sourceTree = "<group>"; };
		A138F2781FBD93E000058855 /* UIImage+Common.m */ = {isa = PBXFileReference; fileEncoding = 4; lastKnownFileType = sourcecode.c.objc; path = "UIImage+Common.m"; sourceTree = "<group>"; };
		A138F27A1FBD93E000058855 /* NSDate+Extension.h */ = {isa = PBXFileReference; fileEncoding = 4; lastKnownFileType = sourcecode.c.h; path = "NSDate+Extension.h"; sourceTree = "<group>"; };
		A138F27B1FBD93E000058855 /* NSDate+Extension.m */ = {isa = PBXFileReference; fileEncoding = 4; lastKnownFileType = sourcecode.c.objc; path = "NSDate+Extension.m"; sourceTree = "<group>"; };
		A138F27D1FBD93E000058855 /* UILabel+Extension.m */ = {isa = PBXFileReference; fileEncoding = 4; lastKnownFileType = sourcecode.c.objc; path = "UILabel+Extension.m"; sourceTree = "<group>"; };
		A138F27E1FBD93E000058855 /* UILabel+Extension.h */ = {isa = PBXFileReference; fileEncoding = 4; lastKnownFileType = sourcecode.c.h; path = "UILabel+Extension.h"; sourceTree = "<group>"; };
		A138F2801FBD93E000058855 /* NSString+Extenison.h */ = {isa = PBXFileReference; fileEncoding = 4; lastKnownFileType = sourcecode.c.h; path = "NSString+Extenison.h"; sourceTree = "<group>"; };
		A138F2811FBD93E000058855 /* NSString+Extenison.m */ = {isa = PBXFileReference; fileEncoding = 4; lastKnownFileType = sourcecode.c.objc; path = "NSString+Extenison.m"; sourceTree = "<group>"; };
		A138F2831FBD93E000058855 /* NSUserDefaults+Extension.h */ = {isa = PBXFileReference; fileEncoding = 4; lastKnownFileType = sourcecode.c.h; path = "NSUserDefaults+Extension.h"; sourceTree = "<group>"; };
		A138F2841FBD93E000058855 /* NSUserDefaults+Extension.m */ = {isa = PBXFileReference; fileEncoding = 4; lastKnownFileType = sourcecode.c.objc; path = "NSUserDefaults+Extension.m"; sourceTree = "<group>"; };
		A138F2891FBD93E000058855 /* UICollectionView+Extension.h */ = {isa = PBXFileReference; fileEncoding = 4; lastKnownFileType = sourcecode.c.h; path = "UICollectionView+Extension.h"; sourceTree = "<group>"; };
		A138F28A1FBD93E000058855 /* UICollectionView+Extension.m */ = {isa = PBXFileReference; fileEncoding = 4; lastKnownFileType = sourcecode.c.objc; path = "UICollectionView+Extension.m"; sourceTree = "<group>"; };
		A138F28C1FBD93E000058855 /* UIColor+Extension.h */ = {isa = PBXFileReference; fileEncoding = 4; lastKnownFileType = sourcecode.c.h; path = "UIColor+Extension.h"; sourceTree = "<group>"; };
		A138F28D1FBD93E000058855 /* UIColor+Extension.m */ = {isa = PBXFileReference; fileEncoding = 4; lastKnownFileType = sourcecode.c.objc; path = "UIColor+Extension.m"; sourceTree = "<group>"; };
		A138F28F1FBD93E000058855 /* UINavigationController+JKStackManager.m */ = {isa = PBXFileReference; fileEncoding = 4; lastKnownFileType = sourcecode.c.objc; path = "UINavigationController+JKStackManager.m"; sourceTree = "<group>"; };
		A138F2901FBD93E000058855 /* UINavigationController+JKStackManager.h */ = {isa = PBXFileReference; fileEncoding = 4; lastKnownFileType = sourcecode.c.h; path = "UINavigationController+JKStackManager.h"; sourceTree = "<group>"; };
		A138F2921FBD93E000058855 /* UITableView+Extension.m */ = {isa = PBXFileReference; fileEncoding = 4; lastKnownFileType = sourcecode.c.objc; path = "UITableView+Extension.m"; sourceTree = "<group>"; };
		A138F2931FBD93E000058855 /* UITableView+Extension.h */ = {isa = PBXFileReference; fileEncoding = 4; lastKnownFileType = sourcecode.c.h; path = "UITableView+Extension.h"; sourceTree = "<group>"; };
		A138F2951FBD93E000058855 /* UIViewController+Extension.m */ = {isa = PBXFileReference; fileEncoding = 4; lastKnownFileType = sourcecode.c.objc; path = "UIViewController+Extension.m"; sourceTree = "<group>"; };
		A138F2961FBD93E000058855 /* UIViewController+Extension.h */ = {isa = PBXFileReference; fileEncoding = 4; lastKnownFileType = sourcecode.c.h; path = "UIViewController+Extension.h"; sourceTree = "<group>"; };
		A138F29B1FBD93E000058855 /* NSArray+Log.h */ = {isa = PBXFileReference; fileEncoding = 4; lastKnownFileType = sourcecode.c.h; path = "NSArray+Log.h"; sourceTree = "<group>"; };
		A138F29C1FBD93E000058855 /* NSArray+Log.m */ = {isa = PBXFileReference; fileEncoding = 4; lastKnownFileType = sourcecode.c.objc; path = "NSArray+Log.m"; sourceTree = "<group>"; };
		A138F29E1FBD93E000058855 /* NSDictionary+Extension.h */ = {isa = PBXFileReference; fileEncoding = 4; lastKnownFileType = sourcecode.c.h; path = "NSDictionary+Extension.h"; sourceTree = "<group>"; };
		A138F29F1FBD93E000058855 /* NSDictionary+Extension.m */ = {isa = PBXFileReference; fileEncoding = 4; lastKnownFileType = sourcecode.c.objc; path = "NSDictionary+Extension.m"; sourceTree = "<group>"; };
		A138F2A41FBD93E000058855 /* UIViewController+BackButtonHandler.m */ = {isa = PBXFileReference; fileEncoding = 4; lastKnownFileType = sourcecode.c.objc; path = "UIViewController+BackButtonHandler.m"; sourceTree = "<group>"; };
		A138F2A51FBD93E000058855 /* UIViewController+BackButtonHandler.h */ = {isa = PBXFileReference; fileEncoding = 4; lastKnownFileType = sourcecode.c.h; path = "UIViewController+BackButtonHandler.h"; sourceTree = "<group>"; };
		A138F2A71FBD93E000058855 /* CALayer+UIColor.h */ = {isa = PBXFileReference; fileEncoding = 4; lastKnownFileType = sourcecode.c.h; path = "CALayer+UIColor.h"; sourceTree = "<group>"; };
		A138F2A81FBD93E000058855 /* CALayer+UIColor.m */ = {isa = PBXFileReference; fileEncoding = 4; lastKnownFileType = sourcecode.c.objc; path = "CALayer+UIColor.m"; sourceTree = "<group>"; };
		A138F2AA1FBD93E000058855 /* UIButton+EnlargeTouchArea.h */ = {isa = PBXFileReference; fileEncoding = 4; lastKnownFileType = sourcecode.c.h; path = "UIButton+EnlargeTouchArea.h"; sourceTree = "<group>"; };
		A138F2AB1FBD93E000058855 /* UIButton+EnlargeTouchArea.m */ = {isa = PBXFileReference; fileEncoding = 4; lastKnownFileType = sourcecode.c.objc; path = "UIButton+EnlargeTouchArea.m"; sourceTree = "<group>"; };
		A14BF0781FC4211800C79EE0 /* FSCustomButton.h */ = {isa = PBXFileReference; fileEncoding = 4; lastKnownFileType = sourcecode.c.h; path = FSCustomButton.h; sourceTree = "<group>"; };
		A14BF0791FC4211800C79EE0 /* CALayer+FSUI.h */ = {isa = PBXFileReference; fileEncoding = 4; lastKnownFileType = sourcecode.c.h; path = "CALayer+FSUI.h"; sourceTree = "<group>"; };
		A14BF07A1FC4211800C79EE0 /* FSCommenDefine.h */ = {isa = PBXFileReference; fileEncoding = 4; lastKnownFileType = sourcecode.c.h; path = FSCommenDefine.h; sourceTree = "<group>"; };
		A14BF07B1FC4211800C79EE0 /* FSCustomButton.m */ = {isa = PBXFileReference; fileEncoding = 4; lastKnownFileType = sourcecode.c.objc; path = FSCustomButton.m; sourceTree = "<group>"; };
		A14BF07C1FC4211800C79EE0 /* CALayer+FSUI.m */ = {isa = PBXFileReference; fileEncoding = 4; lastKnownFileType = sourcecode.c.objc; path = "CALayer+FSUI.m"; sourceTree = "<group>"; };
		A1A26E241FC56F1800AAB5F3 /* MyTabBar.h */ = {isa = PBXFileReference; fileEncoding = 4; lastKnownFileType = sourcecode.c.h; path = MyTabBar.h; sourceTree = "<group>"; };
		A1A26E251FC56F1800AAB5F3 /* MainTabBarController.m */ = {isa = PBXFileReference; fileEncoding = 4; lastKnownFileType = sourcecode.c.objc; path = MainTabBarController.m; sourceTree = "<group>"; };
		A1A26E261FC56F1800AAB5F3 /* NavigationViewController.h */ = {isa = PBXFileReference; fileEncoding = 4; lastKnownFileType = sourcecode.c.h; path = NavigationViewController.h; sourceTree = "<group>"; };
		A1A26E271FC56F1800AAB5F3 /* NavigationViewController.m */ = {isa = PBXFileReference; fileEncoding = 4; lastKnownFileType = sourcecode.c.objc; path = NavigationViewController.m; sourceTree = "<group>"; };
		A1A26E281FC56F1800AAB5F3 /* MainTabBarController.h */ = {isa = PBXFileReference; fileEncoding = 4; lastKnownFileType = sourcecode.c.h; path = MainTabBarController.h; sourceTree = "<group>"; };
		A1A26E291FC56F1800AAB5F3 /* MyTabBar.m */ = {isa = PBXFileReference; fileEncoding = 4; lastKnownFileType = sourcecode.c.objc; path = MyTabBar.m; sourceTree = "<group>"; };
		A1A26E2B1FC56F1800AAB5F3 /* BaseVC.h */ = {isa = PBXFileReference; fileEncoding = 4; lastKnownFileType = sourcecode.c.h; path = BaseVC.h; sourceTree = "<group>"; };
		A1A26E2C1FC56F1800AAB5F3 /* BaseVC.m */ = {isa = PBXFileReference; fileEncoding = 4; lastKnownFileType = sourcecode.c.objc; path = BaseVC.m; sourceTree = "<group>"; };
		A1CEBFD71FD66E7400F91498 /* libReact.a */ = {isa = PBXFileReference; explicitFileType = archive.ar; path = libReact.a; sourceTree = BUILT_PRODUCTS_DIR; };
		A1CEBFD81FD66E9000F91498 /* JavaScriptCore.framework */ = {isa = PBXFileReference; lastKnownFileType = wrapper.framework; name = JavaScriptCore.framework; path = System/Library/Frameworks/JavaScriptCore.framework; sourceTree = SDKROOT; };
		A1CEBFF61FD68D2000F91498 /* NotificationMacro.h */ = {isa = PBXFileReference; fileEncoding = 4; lastKnownFileType = sourcecode.c.h; path = NotificationMacro.h; sourceTree = "<group>"; };
		A1CEBFF71FD68D2300F91498 /* RNBridgeModule.h */ = {isa = PBXFileReference; fileEncoding = 4; lastKnownFileType = sourcecode.c.h; path = RNBridgeModule.h; sourceTree = "<group>"; };
		A1CEBFF81FD68D2700F91498 /* RNBridgeModule.m */ = {isa = PBXFileReference; fileEncoding = 4; lastKnownFileType = sourcecode.c.objc; path = RNBridgeModule.m; sourceTree = "<group>"; };
		A1CEBFF91FD68D2A00F91498 /* RNManagerVC.m */ = {isa = PBXFileReference; fileEncoding = 4; lastKnownFileType = sourcecode.c.objc; path = RNManagerVC.m; sourceTree = "<group>"; };
		A1CEBFFA1FD68D2E00F91498 /* RNManagerVC.h */ = {isa = PBXFileReference; fileEncoding = 4; lastKnownFileType = sourcecode.c.h; path = RNManagerVC.h; sourceTree = "<group>"; };
		A1FC0FAB1FC56FF000BB20C2 /* HomeViewController.h */ = {isa = PBXFileReference; lastKnownFileType = sourcecode.c.h; path = HomeViewController.h; sourceTree = "<group>"; };
		A1FC0FAC1FC56FF000BB20C2 /* HomeViewController.m */ = {isa = PBXFileReference; lastKnownFileType = sourcecode.c.objc; path = HomeViewController.m; sourceTree = "<group>"; };
		A1FC0FAD1FC56FF000BB20C2 /* HomeViewController.xib */ = {isa = PBXFileReference; lastKnownFileType = file.xib; path = HomeViewController.xib; sourceTree = "<group>"; };
		E461B8E4F1782044632523E8 /* libPods-BGYZhiTuo.a */ = {isa = PBXFileReference; explicitFileType = archive.ar; includeInIndex = 0; path = "libPods-BGYZhiTuo.a"; sourceTree = BUILT_PRODUCTS_DIR; };
/* End PBXFileReference section */

/* Begin PBXFrameworksBuildPhase section */
		A138F2211FBD846700058855 /* Frameworks */ = {
			isa = PBXFrameworksBuildPhase;
			buildActionMask = 2147483647;
			files = (
				36CB326B880215E32C193779 /* libPods-BGYZhiTuo.a in Frameworks */,
			);
			runOnlyForDeploymentPostprocessing = 0;
		};
		A138F2391FBD846700058855 /* Frameworks */ = {
			isa = PBXFrameworksBuildPhase;
			buildActionMask = 2147483647;
			files = (
			);
			runOnlyForDeploymentPostprocessing = 0;
		};
		A138F2441FBD846700058855 /* Frameworks */ = {
			isa = PBXFrameworksBuildPhase;
			buildActionMask = 2147483647;
			files = (
			);
			runOnlyForDeploymentPostprocessing = 0;
		};
/* End PBXFrameworksBuildPhase section */

/* Begin PBXGroup section */
		0D9EE3CE58014AA7F5BE3BA3 /* Pods */ = {
			isa = PBXGroup;
			children = (
				3DB1ED9D6AA48BC8721D0928 /* Pods-BGYZhiTuo.debug.xcconfig */,
				6586FE18220D4FC394682A6F /* Pods-BGYZhiTuo.release.xcconfig */,
			);
			name = Pods;
			sourceTree = "<group>";
		};
		0F1733622E4A00AE90C6C9CA /* Frameworks */ = {
			isa = PBXGroup;
			children = (
				A1CEBFD81FD66E9000F91498 /* JavaScriptCore.framework */,
				A1CEBFD71FD66E7400F91498 /* libReact.a */,
				E461B8E4F1782044632523E8 /* libPods-BGYZhiTuo.a */,
			);
			name = Frameworks;
			sourceTree = "<group>";
		};
		A1091B531FC50B6B0062BB99 /* LocationManager */ = {
			isa = PBXGroup;
			children = (
				A1091B541FC50B7A0062BB99 /* LocationManager.h */,
				A1091B551FC50B7A0062BB99 /* LocationManager.m */,
			);
			path = LocationManager;
			sourceTree = "<group>";
		};
		A119ECC01FC3D5EB00555382 /* Http */ = {
			isa = PBXGroup;
			children = (
			);
			path = Http;
			sourceTree = "<group>";
		};
		A138F21B1FBD846700058855 = {
			isa = PBXGroup;
			children = (
				A138F2261FBD846700058855 /* BGYZhiTuo */,
				A138F23F1FBD846700058855 /* BGYZhiTuoTests */,
				A138F24A1FBD846700058855 /* BGYZhiTuoUITests */,
				A138F2251FBD846700058855 /* Products */,
				0D9EE3CE58014AA7F5BE3BA3 /* Pods */,
				0F1733622E4A00AE90C6C9CA /* Frameworks */,
			);
			sourceTree = "<group>";
		};
		A138F2251FBD846700058855 /* Products */ = {
			isa = PBXGroup;
			children = (
				A138F2241FBD846700058855 /* BGYZhiTuo.app */,
				A138F23C1FBD846700058855 /* BGYZhiTuoTests.xctest */,
				A138F2471FBD846700058855 /* BGYZhiTuoUITests.xctest */,
			);
			name = Products;
			sourceTree = "<group>";
		};
		A138F2261FBD846700058855 /* BGYZhiTuo */ = {
			isa = PBXGroup;
			children = (
				A138F25B1FBD850100058855 /* Define */,
				A138F25C1FBD850100058855 /* Libs */,
				A138F2591FBD850100058855 /* Modules */,
				A138F25D1FBD850100058855 /* Tool */,
				A138F25A1FBD850100058855 /* UI */,
				A138F2751FBD93E000058855 /* Category */,
				A138F2271FBD846700058855 /* AppDelegate.h */,
				A138F2281FBD846700058855 /* AppDelegate.m */,
				A1229DBD1FD69AB400A2D5F6 /* SPRNProject.jsbundle */,
				A138F22A1FBD846700058855 /* ViewController.h */,
				A138F22B1FBD846700058855 /* ViewController.m */,
				A138F22D1FBD846700058855 /* Main.storyboard */,
				A138F2301FBD846700058855 /* Assets.xcassets */,
				A138F2321FBD846700058855 /* LaunchScreen.storyboard */,
				A138F2351FBD846700058855 /* Info.plist */,
				A138F2361FBD846700058855 /* main.m */,
			);
			path = BGYZhiTuo;
			sourceTree = "<group>";
		};
		A138F23F1FBD846700058855 /* BGYZhiTuoTests */ = {
			isa = PBXGroup;
			children = (
				A138F2401FBD846700058855 /* BGYZhiTuoTests.m */,
				A138F2421FBD846700058855 /* Info.plist */,
			);
			path = BGYZhiTuoTests;
			sourceTree = "<group>";
		};
		A138F24A1FBD846700058855 /* BGYZhiTuoUITests */ = {
			isa = PBXGroup;
			children = (
				A138F24B1FBD846700058855 /* BGYZhiTuoUITests.m */,
				A138F24D1FBD846700058855 /* Info.plist */,
			);
			path = BGYZhiTuoUITests;
			sourceTree = "<group>";
		};
		A138F2591FBD850100058855 /* Modules */ = {
			isa = PBXGroup;
			children = (
				A1A26E311FC56F2200AAB5F3 /* Home */,
				A1A26E221FC56F1800AAB5F3 /* Common */,
			);
			path = Modules;
			sourceTree = "<group>";
		};
		A138F25A1FBD850100058855 /* UI */ = {
			isa = PBXGroup;
			children = (
				A138F26C1FBD889000058855 /* Home */,
			);
			path = UI;
			sourceTree = "<group>";
		};
		A138F25B1FBD850100058855 /* Define */ = {
			isa = PBXGroup;
			children = (
				A138F26A1FBD862600058855 /* PrefixHeader.pch */,
				A138F26B1FBD866100058855 /* BgyDefine.h */,
				A119ECC41FC415B300555382 /* ImportDefine.h */,
			);
			path = Define;
			sourceTree = "<group>";
		};
		A138F25C1FBD850100058855 /* Libs */ = {
			isa = PBXGroup;
			children = (
				A14BF0771FC4211800C79EE0 /* FSCustomBUtton */,
			);
			path = Libs;
			sourceTree = "<group>";
		};
		A138F25D1FBD850100058855 /* Tool */ = {
			isa = PBXGroup;
			children = (
				A1CEBFF51FD68D0200F91498 /* RNTool */,
				A1014A281FD12E9C0049624A /* BgyTool.h */,
				A1014A291FD12E9C0049624A /* BgyTool.m */,
				A1091B531FC50B6B0062BB99 /* LocationManager */,
				A119ECC01FC3D5EB00555382 /* Http */,
			);
			path = Tool;
			sourceTree = "<group>";
		};
		A138F26C1FBD889000058855 /* Home */ = {
			isa = PBXGroup;
			children = (
				A138F2721FBD88DA00058855 /* tabbar_home_icon_select@2x.png */,
				A138F2711FBD88DA00058855 /* tabbar_home_icon_unselect@2x.png */,
			);
			path = Home;
			sourceTree = "<group>";
		};
		A138F2751FBD93E000058855 /* Category */ = {
			isa = PBXGroup;
			children = (
				A138F2761FBD93E000058855 /* UIImage+Common */,
				A138F2791FBD93E000058855 /* NSDate+Extension */,
				A138F27C1FBD93E000058855 /* UILabel+Extenison */,
				A138F27F1FBD93E000058855 /* NSString+Extenison */,
				A138F2821FBD93E000058855 /* NSUserDefaults+Extension */,
				A138F2881FBD93E000058855 /* UICollectionView */,
				A138F28B1FBD93E000058855 /* UIColor+Extenison */,
				A138F28E1FBD93E000058855 /* UINavigationController */,
				A138F2911FBD93E000058855 /* UITableView */,
				A138F2941FBD93E000058855 /* UIViewController+Extension */,
				A138F2971FBD93E000058855 /* UIView+Extension */,
				A138F29A1FBD93E000058855 /* ChineseLog-master */,
				A138F29D1FBD93E000058855 /* NSDictionary+Extension */,
				A138F2A31FBD93E000058855 /* UIViewController+BackButtonHandler */,
				A138F2A61FBD93E000058855 /* CALayer+UIColor */,
				A138F2A91FBD93E000058855 /* UIButton+EnlargeTouchArea */,
			);
			path = Category;
			sourceTree = "<group>";
		};
		A138F2761FBD93E000058855 /* UIImage+Common */ = {
			isa = PBXGroup;
			children = (
				A138F2771FBD93E000058855 /* UIImage+Common.h */,
				A138F2781FBD93E000058855 /* UIImage+Common.m */,
			);
			path = "UIImage+Common";
			sourceTree = "<group>";
		};
		A138F2791FBD93E000058855 /* NSDate+Extension */ = {
			isa = PBXGroup;
			children = (
				A138F27A1FBD93E000058855 /* NSDate+Extension.h */,
				A138F27B1FBD93E000058855 /* NSDate+Extension.m */,
			);
			path = "NSDate+Extension";
			sourceTree = "<group>";
		};
		A138F27C1FBD93E000058855 /* UILabel+Extenison */ = {
			isa = PBXGroup;
			children = (
				A138F27E1FBD93E000058855 /* UILabel+Extension.h */,
				A138F27D1FBD93E000058855 /* UILabel+Extension.m */,
			);
			path = "UILabel+Extenison";
			sourceTree = "<group>";
		};
		A138F27F1FBD93E000058855 /* NSString+Extenison */ = {
			isa = PBXGroup;
			children = (
				A138F2801FBD93E000058855 /* NSString+Extenison.h */,
				A138F2811FBD93E000058855 /* NSString+Extenison.m */,
			);
			path = "NSString+Extenison";
			sourceTree = "<group>";
		};
		A138F2821FBD93E000058855 /* NSUserDefaults+Extension */ = {
			isa = PBXGroup;
			children = (
				A138F2831FBD93E000058855 /* NSUserDefaults+Extension.h */,
				A138F2841FBD93E000058855 /* NSUserDefaults+Extension.m */,
			);
			path = "NSUserDefaults+Extension";
			sourceTree = "<group>";
		};
		A138F2881FBD93E000058855 /* UICollectionView */ = {
			isa = PBXGroup;
			children = (
				A138F2891FBD93E000058855 /* UICollectionView+Extension.h */,
				A138F28A1FBD93E000058855 /* UICollectionView+Extension.m */,
			);
			path = UICollectionView;
			sourceTree = "<group>";
		};
		A138F28B1FBD93E000058855 /* UIColor+Extenison */ = {
			isa = PBXGroup;
			children = (
				A138F28C1FBD93E000058855 /* UIColor+Extension.h */,
				A138F28D1FBD93E000058855 /* UIColor+Extension.m */,
			);
			path = "UIColor+Extenison";
			sourceTree = "<group>";
		};
		A138F28E1FBD93E000058855 /* UINavigationController */ = {
			isa = PBXGroup;
			children = (
				A138F28F1FBD93E000058855 /* UINavigationController+JKStackManager.m */,
				A138F2901FBD93E000058855 /* UINavigationController+JKStackManager.h */,
			);
			path = UINavigationController;
			sourceTree = "<group>";
		};
		A138F2911FBD93E000058855 /* UITableView */ = {
			isa = PBXGroup;
			children = (
				A138F2921FBD93E000058855 /* UITableView+Extension.m */,
				A138F2931FBD93E000058855 /* UITableView+Extension.h */,
			);
			path = UITableView;
			sourceTree = "<group>";
		};
		A138F2941FBD93E000058855 /* UIViewController+Extension */ = {
			isa = PBXGroup;
			children = (
				A138F2951FBD93E000058855 /* UIViewController+Extension.m */,
				A138F2961FBD93E000058855 /* UIViewController+Extension.h */,
			);
			path = "UIViewController+Extension";
			sourceTree = "<group>";
		};
		A138F2971FBD93E000058855 /* UIView+Extension */ = {
			isa = PBXGroup;
			children = (
				A10B768F1FC3C6A800583200 /* UIView+ViewController.h */,
				A10B76901FC3C6A800583200 /* UIView+ViewController.m */,
				A10B768C1FC3C68800583200 /* UIView+Toast.h */,
				A10B768D1FC3C68800583200 /* UIView+Toast.m */,
				A1280EF81FBD95EE005007D1 /* UIView+Extension.h */,
				A1280EF91FBD95EE005007D1 /* UIView+Extension.m */,
			);
			path = "UIView+Extension";
			sourceTree = "<group>";
		};
		A138F29A1FBD93E000058855 /* ChineseLog-master */ = {
			isa = PBXGroup;
			children = (
				A138F29B1FBD93E000058855 /* NSArray+Log.h */,
				A138F29C1FBD93E000058855 /* NSArray+Log.m */,
			);
			path = "ChineseLog-master";
			sourceTree = "<group>";
		};
		A138F29D1FBD93E000058855 /* NSDictionary+Extension */ = {
			isa = PBXGroup;
			children = (
				A138F29E1FBD93E000058855 /* NSDictionary+Extension.h */,
				A138F29F1FBD93E000058855 /* NSDictionary+Extension.m */,
			);
			path = "NSDictionary+Extension";
			sourceTree = "<group>";
		};
		A138F2A31FBD93E000058855 /* UIViewController+BackButtonHandler */ = {
			isa = PBXGroup;
			children = (
				A138F2A41FBD93E000058855 /* UIViewController+BackButtonHandler.m */,
				A138F2A51FBD93E000058855 /* UIViewController+BackButtonHandler.h */,
			);
			path = "UIViewController+BackButtonHandler";
			sourceTree = "<group>";
		};
		A138F2A61FBD93E000058855 /* CALayer+UIColor */ = {
			isa = PBXGroup;
			children = (
				A138F2A71FBD93E000058855 /* CALayer+UIColor.h */,
				A138F2A81FBD93E000058855 /* CALayer+UIColor.m */,
			);
			path = "CALayer+UIColor";
			sourceTree = "<group>";
		};
		A138F2A91FBD93E000058855 /* UIButton+EnlargeTouchArea */ = {
			isa = PBXGroup;
			children = (
				A138F2AA1FBD93E000058855 /* UIButton+EnlargeTouchArea.h */,
				A138F2AB1FBD93E000058855 /* UIButton+EnlargeTouchArea.m */,
			);
			path = "UIButton+EnlargeTouchArea";
			sourceTree = "<group>";
		};
		A14BF0771FC4211800C79EE0 /* FSCustomBUtton */ = {
			isa = PBXGroup;
			children = (
				A14BF07A1FC4211800C79EE0 /* FSCommenDefine.h */,
				A14BF0781FC4211800C79EE0 /* FSCustomButton.h */,
				A14BF07B1FC4211800C79EE0 /* FSCustomButton.m */,
				A14BF0791FC4211800C79EE0 /* CALayer+FSUI.h */,
				A14BF07C1FC4211800C79EE0 /* CALayer+FSUI.m */,
			);
			path = FSCustomBUtton;
			sourceTree = "<group>";
		};
		A1A26E221FC56F1800AAB5F3 /* Common */ = {
			isa = PBXGroup;
			children = (
				A1A26E231FC56F1800AAB5F3 /* Tabbar */,
				A1A26E2A1FC56F1800AAB5F3 /* Base */,
			);
			path = Common;
			sourceTree = "<group>";
		};
		A1A26E231FC56F1800AAB5F3 /* Tabbar */ = {
			isa = PBXGroup;
			children = (
				A1A26E281FC56F1800AAB5F3 /* MainTabBarController.h */,
				A1A26E251FC56F1800AAB5F3 /* MainTabBarController.m */,
				A1A26E261FC56F1800AAB5F3 /* NavigationViewController.h */,
				A1A26E271FC56F1800AAB5F3 /* NavigationViewController.m */,
				A1A26E241FC56F1800AAB5F3 /* MyTabBar.h */,
				A1A26E291FC56F1800AAB5F3 /* MyTabBar.m */,
			);
			path = Tabbar;
			sourceTree = "<group>";
		};
		A1A26E2A1FC56F1800AAB5F3 /* Base */ = {
			isa = PBXGroup;
			children = (
				A1A26E2B1FC56F1800AAB5F3 /* BaseVC.h */,
				A1A26E2C1FC56F1800AAB5F3 /* BaseVC.m */,
			);
			path = Base;
			sourceTree = "<group>";
		};
		A1A26E311FC56F2200AAB5F3 /* Home */ = {
			isa = PBXGroup;
			children = (
				A1FC0FAB1FC56FF000BB20C2 /* HomeViewController.h */,
				A1FC0FAC1FC56FF000BB20C2 /* HomeViewController.m */,
				A1FC0FAD1FC56FF000BB20C2 /* HomeViewController.xib */,
			);
			path = Home;
			sourceTree = "<group>";
		};
		A1CEBFF51FD68D0200F91498 /* RNTool */ = {
			isa = PBXGroup;
			children = (
				A1CEBFF61FD68D2000F91498 /* NotificationMacro.h */,
				A1CEBFF71FD68D2300F91498 /* RNBridgeModule.h */,
				A1CEBFF81FD68D2700F91498 /* RNBridgeModule.m */,
				A1CEBFFA1FD68D2E00F91498 /* RNManagerVC.h */,
				A1CEBFF91FD68D2A00F91498 /* RNManagerVC.m */,
			);
			path = RNTool;
			sourceTree = "<group>";
		};
/* End PBXGroup section */

/* Begin PBXNativeTarget section */
		A138F2231FBD846700058855 /* BGYZhiTuo */ = {
			isa = PBXNativeTarget;
			buildConfigurationList = A138F2501FBD846700058855 /* Build configuration list for PBXNativeTarget "BGYZhiTuo" */;
			buildPhases = (
				017AE7363E4898C45A8E7D40 /* [CP] Check Pods Manifest.lock */,
				A138F2201FBD846700058855 /* Sources */,
				A138F2211FBD846700058855 /* Frameworks */,
				A138F2221FBD846700058855 /* Resources */,
				02EF052DE545994F3C78FAF4 /* [CP] Embed Pods Frameworks */,
				1A9C220CB89EEE7CA09F4D5E /* [CP] Copy Pods Resources */,
			);
			buildRules = (
			);
			dependencies = (
			);
			name = BGYZhiTuo;
			productName = BGYZhiTuo;
			productReference = A138F2241FBD846700058855 /* BGYZhiTuo.app */;
			productType = "com.apple.product-type.application";
		};
		A138F23B1FBD846700058855 /* BGYZhiTuoTests */ = {
			isa = PBXNativeTarget;
			buildConfigurationList = A138F2531FBD846700058855 /* Build configuration list for PBXNativeTarget "BGYZhiTuoTests" */;
			buildPhases = (
				A138F2381FBD846700058855 /* Sources */,
				A138F2391FBD846700058855 /* Frameworks */,
				A138F23A1FBD846700058855 /* Resources */,
			);
			buildRules = (
			);
			dependencies = (
				A138F23E1FBD846700058855 /* PBXTargetDependency */,
			);
			name = BGYZhiTuoTests;
			productName = BGYZhiTuoTests;
			productReference = A138F23C1FBD846700058855 /* BGYZhiTuoTests.xctest */;
			productType = "com.apple.product-type.bundle.unit-test";
		};
		A138F2461FBD846700058855 /* BGYZhiTuoUITests */ = {
			isa = PBXNativeTarget;
			buildConfigurationList = A138F2561FBD846700058855 /* Build configuration list for PBXNativeTarget "BGYZhiTuoUITests" */;
			buildPhases = (
				A138F2431FBD846700058855 /* Sources */,
				A138F2441FBD846700058855 /* Frameworks */,
				A138F2451FBD846700058855 /* Resources */,
			);
			buildRules = (
			);
			dependencies = (
				A138F2491FBD846700058855 /* PBXTargetDependency */,
			);
			name = BGYZhiTuoUITests;
			productName = BGYZhiTuoUITests;
			productReference = A138F2471FBD846700058855 /* BGYZhiTuoUITests.xctest */;
			productType = "com.apple.product-type.bundle.ui-testing";
		};
/* End PBXNativeTarget section */

/* Begin PBXProject section */
		A138F21C1FBD846700058855 /* Project object */ = {
			isa = PBXProject;
			attributes = {
				LastUpgradeCheck = 0900;
				ORGANIZATIONNAME = "曾祥";
				TargetAttributes = {
					A138F2231FBD846700058855 = {
						CreatedOnToolsVersion = 9.0.1;
						ProvisioningStyle = Manual;
						SystemCapabilities = {
							com.apple.BackgroundModes = {
								enabled = 1;
							};
						};
					};
					A138F23B1FBD846700058855 = {
						CreatedOnToolsVersion = 9.0.1;
						ProvisioningStyle = Automatic;
						TestTargetID = A138F2231FBD846700058855;
					};
					A138F2461FBD846700058855 = {
						CreatedOnToolsVersion = 9.0.1;
						ProvisioningStyle = Automatic;
						TestTargetID = A138F2231FBD846700058855;
					};
				};
			};
			buildConfigurationList = A138F21F1FBD846700058855 /* Build configuration list for PBXProject "BGYZhiTuo" */;
			compatibilityVersion = "Xcode 8.0";
			developmentRegion = en;
			hasScannedForEncodings = 0;
			knownRegions = (
				en,
				Base,
			);
			mainGroup = A138F21B1FBD846700058855;
			productRefGroup = A138F2251FBD846700058855 /* Products */;
			projectDirPath = "";
			projectRoot = "";
			targets = (
				A138F2231FBD846700058855 /* BGYZhiTuo */,
				A138F23B1FBD846700058855 /* BGYZhiTuoTests */,
				A138F2461FBD846700058855 /* BGYZhiTuoUITests */,
			);
		};
/* End PBXProject section */

/* Begin PBXResourcesBuildPhase section */
		A138F2221FBD846700058855 /* Resources */ = {
			isa = PBXResourcesBuildPhase;
			buildActionMask = 2147483647;
			files = (
				A138F2741FBD88DA00058855 /* tabbar_home_icon_select@2x.png in Resources */,
				A138F2341FBD846700058855 /* LaunchScreen.storyboard in Resources */,
				A1229DBE1FD69AB400A2D5F6 /* SPRNProject.jsbundle in Resources */,
				A138F2311FBD846700058855 /* Assets.xcassets in Resources */,
				A138F2731FBD88DA00058855 /* tabbar_home_icon_unselect@2x.png in Resources */,
				A138F22F1FBD846700058855 /* Main.storyboard in Resources */,
				A1FC0FAF1FC56FF000BB20C2 /* HomeViewController.xib in Resources */,
			);
			runOnlyForDeploymentPostprocessing = 0;
		};
		A138F23A1FBD846700058855 /* Resources */ = {
			isa = PBXResourcesBuildPhase;
			buildActionMask = 2147483647;
			files = (
			);
			runOnlyForDeploymentPostprocessing = 0;
		};
		A138F2451FBD846700058855 /* Resources */ = {
			isa = PBXResourcesBuildPhase;
			buildActionMask = 2147483647;
			files = (
			);
			runOnlyForDeploymentPostprocessing = 0;
		};
/* End PBXResourcesBuildPhase section */

/* Begin PBXShellScriptBuildPhase section */
		017AE7363E4898C45A8E7D40 /* [CP] Check Pods Manifest.lock */ = {
			isa = PBXShellScriptBuildPhase;
			buildActionMask = 2147483647;
			files = (
			);
			inputPaths = (
			);
			name = "[CP] Check Pods Manifest.lock";
			outputPaths = (
			);
			runOnlyForDeploymentPostprocessing = 0;
			shellPath = /bin/sh;
			shellScript = "diff \"${PODS_PODFILE_DIR_PATH}/Podfile.lock\" \"${PODS_ROOT}/Manifest.lock\" > /dev/null\nif [ $? != 0 ] ; then\n    # print error to STDERR\n    echo \"error: The sandbox is not in sync with the Podfile.lock. Run 'pod install' or update your CocoaPods installation.\" >&2\n    exit 1\nfi\n";
			showEnvVarsInLog = 0;
		};
		02EF052DE545994F3C78FAF4 /* [CP] Embed Pods Frameworks */ = {
			isa = PBXShellScriptBuildPhase;
			buildActionMask = 2147483647;
			files = (
			);
			inputPaths = (
			);
			name = "[CP] Embed Pods Frameworks";
			outputPaths = (
			);
			runOnlyForDeploymentPostprocessing = 0;
			shellPath = /bin/sh;
			shellScript = "\"${SRCROOT}/Pods/Target Support Files/Pods-BGYZhiTuo/Pods-BGYZhiTuo-frameworks.sh\"\n";
			showEnvVarsInLog = 0;
		};
		1A9C220CB89EEE7CA09F4D5E /* [CP] Copy Pods Resources */ = {
			isa = PBXShellScriptBuildPhase;
			buildActionMask = 2147483647;
			files = (
			);
			inputPaths = (
			);
			name = "[CP] Copy Pods Resources";
			outputPaths = (
			);
			runOnlyForDeploymentPostprocessing = 0;
			shellPath = /bin/sh;
			shellScript = "\"${SRCROOT}/Pods/Target Support Files/Pods-BGYZhiTuo/Pods-BGYZhiTuo-resources.sh\"\n";
			showEnvVarsInLog = 0;
		};
/* End PBXShellScriptBuildPhase section */

/* Begin PBXSourcesBuildPhase section */
		A138F2201FBD846700058855 /* Sources */ = {
			isa = PBXSourcesBuildPhase;
			buildActionMask = 2147483647;
			files = (
				A138F2AE1FBD93E000058855 /* UILabel+Extension.m in Sources */,
				A138F2B01FBD93E000058855 /* NSUserDefaults+Extension.m in Sources */,
				A1A26E2E1FC56F1800AAB5F3 /* NavigationViewController.m in Sources */,
				A1280EFA1FBD95EE005007D1 /* UIView+Extension.m in Sources */,
				A14BF07E1FC4211800C79EE0 /* CALayer+FSUI.m in Sources */,
				A138F2BC1FBD93E000058855 /* CALayer+UIColor.m in Sources */,
				A1FC0FAE1FC56FF000BB20C2 /* HomeViewController.m in Sources */,
				A138F2BD1FBD93E000058855 /* UIButton+EnlargeTouchArea.m in Sources */,
				A138F22C1FBD846700058855 /* ViewController.m in Sources */,
				A10B768E1FC3C68800583200 /* UIView+Toast.m in Sources */,
				A1014A2A1FD12E9C0049624A /* BgyTool.m in Sources */,
				A1091B561FC50B7A0062BB99 /* LocationManager.m in Sources */,
				A14BF07D1FC4211800C79EE0 /* FSCustomButton.m in Sources */,
				A138F2B41FBD93E000058855 /* UINavigationController+JKStackManager.m in Sources */,
				A138F2B31FBD93E000058855 /* UIColor+Extension.m in Sources */,
				A138F2BB1FBD93E000058855 /* UIViewController+BackButtonHandler.m in Sources */,
				A138F2B81FBD93E000058855 /* NSArray+Log.m in Sources */,
				A138F2B91FBD93E000058855 /* NSDictionary+Extension.m in Sources */,
				A138F2B21FBD93E000058855 /* UICollectionView+Extension.m in Sources */,
				A138F2371FBD846700058855 /* main.m in Sources */,
				A138F2AF1FBD93E000058855 /* NSString+Extenison.m in Sources */,
				A138F2B51FBD93E000058855 /* UITableView+Extension.m in Sources */,
				A138F2AD1FBD93E000058855 /* NSDate+Extension.m in Sources */,
				A1A26E301FC56F1800AAB5F3 /* BaseVC.m in Sources */,
				A1CEBFFB1FD68D2E00F91498 /* RNBridgeModule.m in Sources */,
				A138F2AC1FBD93E000058855 /* UIImage+Common.m in Sources */,
				A138F2291FBD846700058855 /* AppDelegate.m in Sources */,
				A10B76911FC3C6A900583200 /* UIView+ViewController.m in Sources */,
				A1CEBFFC1FD68D2E00F91498 /* RNManagerVC.m in Sources */,
				A138F2B61FBD93E000058855 /* UIViewController+Extension.m in Sources */,
				A1A26E2F1FC56F1800AAB5F3 /* MyTabBar.m in Sources */,
				A1A26E2D1FC56F1800AAB5F3 /* MainTabBarController.m in Sources */,
			);
			runOnlyForDeploymentPostprocessing = 0;
		};
		A138F2381FBD846700058855 /* Sources */ = {
			isa = PBXSourcesBuildPhase;
			buildActionMask = 2147483647;
			files = (
				A138F2411FBD846700058855 /* BGYZhiTuoTests.m in Sources */,
			);
			runOnlyForDeploymentPostprocessing = 0;
		};
		A138F2431FBD846700058855 /* Sources */ = {
			isa = PBXSourcesBuildPhase;
			buildActionMask = 2147483647;
			files = (
				A138F24C1FBD846700058855 /* BGYZhiTuoUITests.m in Sources */,
			);
			runOnlyForDeploymentPostprocessing = 0;
		};
/* End PBXSourcesBuildPhase section */

/* Begin PBXTargetDependency section */
		A138F23E1FBD846700058855 /* PBXTargetDependency */ = {
			isa = PBXTargetDependency;
			target = A138F2231FBD846700058855 /* BGYZhiTuo */;
			targetProxy = A138F23D1FBD846700058855 /* PBXContainerItemProxy */;
		};
		A138F2491FBD846700058855 /* PBXTargetDependency */ = {
			isa = PBXTargetDependency;
			target = A138F2231FBD846700058855 /* BGYZhiTuo */;
			targetProxy = A138F2481FBD846700058855 /* PBXContainerItemProxy */;
		};
/* End PBXTargetDependency section */

/* Begin PBXVariantGroup section */
		A138F22D1FBD846700058855 /* Main.storyboard */ = {
			isa = PBXVariantGroup;
			children = (
				A138F22E1FBD846700058855 /* Base */,
			);
			name = Main.storyboard;
			sourceTree = "<group>";
		};
		A138F2321FBD846700058855 /* LaunchScreen.storyboard */ = {
			isa = PBXVariantGroup;
			children = (
				A138F2331FBD846700058855 /* Base */,
			);
			name = LaunchScreen.storyboard;
			sourceTree = "<group>";
		};
/* End PBXVariantGroup section */

/* Begin XCBuildConfiguration section */
		A138F24E1FBD846700058855 /* Debug */ = {
			isa = XCBuildConfiguration;
			buildSettings = {
				ALWAYS_SEARCH_USER_PATHS = NO;
				CLANG_ANALYZER_NONNULL = YES;
				CLANG_ANALYZER_NUMBER_OBJECT_CONVERSION = YES_AGGRESSIVE;
				CLANG_CXX_LANGUAGE_STANDARD = "gnu++14";
				CLANG_CXX_LIBRARY = "libc++";
				CLANG_ENABLE_MODULES = YES;
				CLANG_ENABLE_OBJC_ARC = YES;
				CLANG_WARN_BLOCK_CAPTURE_AUTORELEASING = YES;
				CLANG_WARN_BOOL_CONVERSION = YES;
				CLANG_WARN_COMMA = YES;
				CLANG_WARN_CONSTANT_CONVERSION = YES;
				CLANG_WARN_DIRECT_OBJC_ISA_USAGE = YES_ERROR;
				CLANG_WARN_DOCUMENTATION_COMMENTS = YES;
				CLANG_WARN_EMPTY_BODY = YES;
				CLANG_WARN_ENUM_CONVERSION = YES;
				CLANG_WARN_INFINITE_RECURSION = YES;
				CLANG_WARN_INT_CONVERSION = YES;
				CLANG_WARN_NON_LITERAL_NULL_CONVERSION = YES;
				CLANG_WARN_OBJC_LITERAL_CONVERSION = YES;
				CLANG_WARN_OBJC_ROOT_CLASS = YES_ERROR;
				CLANG_WARN_RANGE_LOOP_ANALYSIS = YES;
				CLANG_WARN_STRICT_PROTOTYPES = YES;
				CLANG_WARN_SUSPICIOUS_MOVE = YES;
				CLANG_WARN_UNGUARDED_AVAILABILITY = YES_AGGRESSIVE;
				CLANG_WARN_UNREACHABLE_CODE = YES;
				CLANG_WARN__DUPLICATE_METHOD_MATCH = YES;
				CODE_SIGN_IDENTITY = "iPhone Developer";
				COPY_PHASE_STRIP = NO;
				DEBUG_INFORMATION_FORMAT = dwarf;
				ENABLE_STRICT_OBJC_MSGSEND = YES;
				ENABLE_TESTABILITY = YES;
				GCC_C_LANGUAGE_STANDARD = gnu11;
				GCC_DYNAMIC_NO_PIC = NO;
				GCC_NO_COMMON_BLOCKS = YES;
				GCC_OPTIMIZATION_LEVEL = 0;
				GCC_PREPROCESSOR_DEFINITIONS = (
					"DEBUG=1",
					"$(inherited)",
				);
				GCC_WARN_64_TO_32_BIT_CONVERSION = YES;
				GCC_WARN_ABOUT_RETURN_TYPE = YES_ERROR;
				GCC_WARN_UNDECLARED_SELECTOR = YES;
				GCC_WARN_UNINITIALIZED_AUTOS = YES_AGGRESSIVE;
				GCC_WARN_UNUSED_FUNCTION = YES;
				GCC_WARN_UNUSED_VARIABLE = YES;
				IPHONEOS_DEPLOYMENT_TARGET = 8.0;
				MTL_ENABLE_DEBUG_INFO = YES;
				ONLY_ACTIVE_ARCH = YES;
				SDKROOT = iphoneos;
			};
			name = Debug;
		};
		A138F24F1FBD846700058855 /* Release */ = {
			isa = XCBuildConfiguration;
			buildSettings = {
				ALWAYS_SEARCH_USER_PATHS = NO;
				CLANG_ANALYZER_NONNULL = YES;
				CLANG_ANALYZER_NUMBER_OBJECT_CONVERSION = YES_AGGRESSIVE;
				CLANG_CXX_LANGUAGE_STANDARD = "gnu++14";
				CLANG_CXX_LIBRARY = "libc++";
				CLANG_ENABLE_MODULES = YES;
				CLANG_ENABLE_OBJC_ARC = YES;
				CLANG_WARN_BLOCK_CAPTURE_AUTORELEASING = YES;
				CLANG_WARN_BOOL_CONVERSION = YES;
				CLANG_WARN_COMMA = YES;
				CLANG_WARN_CONSTANT_CONVERSION = YES;
				CLANG_WARN_DIRECT_OBJC_ISA_USAGE = YES_ERROR;
				CLANG_WARN_DOCUMENTATION_COMMENTS = YES;
				CLANG_WARN_EMPTY_BODY = YES;
				CLANG_WARN_ENUM_CONVERSION = YES;
				CLANG_WARN_INFINITE_RECURSION = YES;
				CLANG_WARN_INT_CONVERSION = YES;
				CLANG_WARN_NON_LITERAL_NULL_CONVERSION = YES;
				CLANG_WARN_OBJC_LITERAL_CONVERSION = YES;
				CLANG_WARN_OBJC_ROOT_CLASS = YES_ERROR;
				CLANG_WARN_RANGE_LOOP_ANALYSIS = YES;
				CLANG_WARN_STRICT_PROTOTYPES = YES;
				CLANG_WARN_SUSPICIOUS_MOVE = YES;
				CLANG_WARN_UNGUARDED_AVAILABILITY = YES_AGGRESSIVE;
				CLANG_WARN_UNREACHABLE_CODE = YES;
				CLANG_WARN__DUPLICATE_METHOD_MATCH = YES;
				CODE_SIGN_IDENTITY = "iPhone Developer";
				COPY_PHASE_STRIP = NO;
				DEBUG_INFORMATION_FORMAT = "dwarf-with-dsym";
				ENABLE_NS_ASSERTIONS = NO;
				ENABLE_STRICT_OBJC_MSGSEND = YES;
				GCC_C_LANGUAGE_STANDARD = gnu11;
				GCC_NO_COMMON_BLOCKS = YES;
				GCC_WARN_64_TO_32_BIT_CONVERSION = YES;
				GCC_WARN_ABOUT_RETURN_TYPE = YES_ERROR;
				GCC_WARN_UNDECLARED_SELECTOR = YES;
				GCC_WARN_UNINITIALIZED_AUTOS = YES_AGGRESSIVE;
				GCC_WARN_UNUSED_FUNCTION = YES;
				GCC_WARN_UNUSED_VARIABLE = YES;
				IPHONEOS_DEPLOYMENT_TARGET = 8.0;
				MTL_ENABLE_DEBUG_INFO = NO;
				SDKROOT = iphoneos;
				VALIDATE_PRODUCT = YES;
			};
			name = Release;
		};
		A138F2511FBD846700058855 /* Debug */ = {
			isa = XCBuildConfiguration;
			baseConfigurationReference = 3DB1ED9D6AA48BC8721D0928 /* Pods-BGYZhiTuo.debug.xcconfig */;
			buildSettings = {
				ASSETCATALOG_COMPILER_APPICON_NAME = AppIcon;
				CODEPUSH_KEY = "kP7EDoUfib7kjMHTwtsSZAmfdjxRdd6350e3-f4ee-4e5b-a666-1688b2fa6533";
				CODE_SIGN_STYLE = Manual;
				DEVELOPMENT_TEAM = PG4756G3S8;
				FRAMEWORK_SEARCH_PATHS = (
					"$(inherited)",
					"$(PROJECT_DIR)/BGYZhiTuo/Tool/LocationManager",
				);
				GCC_INCREASE_PRECOMPILED_HEADER_SHARING = NO;
				GCC_INPUT_FILETYPE = automatic;
				GCC_PRECOMPILE_PREFIX_HEADER = YES;
				GCC_PREFIX_HEADER = "$(SRCROOT)/BGYZhiTuo/Define/PrefixHeader.pch";
				INFOPLIST_FILE = BGYZhiTuo/Info.plist;
				LD_RUNPATH_SEARCH_PATHS = "$(inherited) @executable_path/Frameworks";
				OTHER_LDFLAGS = (
					"$(inherited)",
					"-ObjC",
				);
				PRODUCT_BUNDLE_IDENTIFIER = ibrandev.com.sharinglease;
				PRODUCT_NAME = "$(TARGET_NAME)";
				PROVISIONING_PROFILE = "1f1c2299-cbdf-43e5-9694-487cbae1970e";
				PROVISIONING_PROFILE_SPECIFIER = SharingLease_dev;
				TARGETED_DEVICE_FAMILY = "1,2";
			};
			name = Debug;
		};
		A138F2521FBD846700058855 /* Release */ = {
			isa = XCBuildConfiguration;
			baseConfigurationReference = 6586FE18220D4FC394682A6F /* Pods-BGYZhiTuo.release.xcconfig */;
			buildSettings = {
				ASSETCATALOG_COMPILER_APPICON_NAME = AppIcon;
				CODEPUSH_KEY = "16ZW_qmP2OzH4658T4PHhfZoLL21dd6350e3-f4ee-4e5b-a666-1688b2fa6533";
				CODE_SIGN_STYLE = Manual;
				DEVELOPMENT_TEAM = PG4756G3S8;
				FRAMEWORK_SEARCH_PATHS = (
					"$(inherited)",
					"$(PROJECT_DIR)/BGYZhiTuo/Tool/LocationManager",
				);
				GCC_INCREASE_PRECOMPILED_HEADER_SHARING = NO;
				GCC_INPUT_FILETYPE = automatic;
				GCC_PRECOMPILE_PREFIX_HEADER = YES;
				GCC_PREFIX_HEADER = "$(SRCROOT)/BGYZhiTuo/Define/PrefixHeader.pch";
				INFOPLIST_FILE = BGYZhiTuo/Info.plist;
				LD_RUNPATH_SEARCH_PATHS = "$(inherited) @executable_path/Frameworks";
				OTHER_LDFLAGS = (
					"$(inherited)",
					"-ObjC",
				);
				PRODUCT_BUNDLE_IDENTIFIER = ibrandev.com.sharinglease;
				PRODUCT_NAME = "$(TARGET_NAME)";
				PROVISIONING_PROFILE = "1f1c2299-cbdf-43e5-9694-487cbae1970e";
				PROVISIONING_PROFILE_SPECIFIER = SharingLease_dev;
				TARGETED_DEVICE_FAMILY = "1,2";
			};
			name = Release;
		};
		A138F2541FBD846700058855 /* Debug */ = {
			isa = XCBuildConfiguration;
			buildSettings = {
				BUNDLE_LOADER = "$(TEST_HOST)";
				CODE_SIGN_STYLE = Automatic;
				INFOPLIST_FILE = BGYZhiTuoTests/Info.plist;
				LD_RUNPATH_SEARCH_PATHS = "$(inherited) @executable_path/Frameworks @loader_path/Frameworks";
				PRODUCT_BUNDLE_IDENTIFIER = com.do1.BGYZhiTuoTests;
				PRODUCT_NAME = "$(TARGET_NAME)";
				TARGETED_DEVICE_FAMILY = "1,2";
				TEST_HOST = "$(BUILT_PRODUCTS_DIR)/BGYZhiTuo.app/BGYZhiTuo";
			};
			name = Debug;
		};
		A138F2551FBD846700058855 /* Release */ = {
			isa = XCBuildConfiguration;
			buildSettings = {
				BUNDLE_LOADER = "$(TEST_HOST)";
				CODE_SIGN_STYLE = Automatic;
				INFOPLIST_FILE = BGYZhiTuoTests/Info.plist;
				LD_RUNPATH_SEARCH_PATHS = "$(inherited) @executable_path/Frameworks @loader_path/Frameworks";
				PRODUCT_BUNDLE_IDENTIFIER = com.do1.BGYZhiTuoTests;
				PRODUCT_NAME = "$(TARGET_NAME)";
				TARGETED_DEVICE_FAMILY = "1,2";
				TEST_HOST = "$(BUILT_PRODUCTS_DIR)/BGYZhiTuo.app/BGYZhiTuo";
			};
			name = Release;
		};
		A138F2571FBD846700058855 /* Debug */ = {
			isa = XCBuildConfiguration;
			buildSettings = {
				CODE_SIGN_STYLE = Automatic;
				INFOPLIST_FILE = BGYZhiTuoUITests/Info.plist;
				LD_RUNPATH_SEARCH_PATHS = "$(inherited) @executable_path/Frameworks @loader_path/Frameworks";
				PRODUCT_BUNDLE_IDENTIFIER = com.do1.BGYZhiTuoUITests;
				PRODUCT_NAME = "$(TARGET_NAME)";
				TARGETED_DEVICE_FAMILY = "1,2";
				TEST_TARGET_NAME = BGYZhiTuo;
			};
			name = Debug;
		};
		A138F2581FBD846700058855 /* Release */ = {
			isa = XCBuildConfiguration;
			buildSettings = {
				CODE_SIGN_STYLE = Automatic;
				INFOPLIST_FILE = BGYZhiTuoUITests/Info.plist;
				LD_RUNPATH_SEARCH_PATHS = "$(inherited) @executable_path/Frameworks @loader_path/Frameworks";
				PRODUCT_BUNDLE_IDENTIFIER = com.do1.BGYZhiTuoUITests;
				PRODUCT_NAME = "$(TARGET_NAME)";
				TARGETED_DEVICE_FAMILY = "1,2";
				TEST_TARGET_NAME = BGYZhiTuo;
			};
			name = Release;
		};
/* End XCBuildConfiguration section */

/* Begin XCConfigurationList section */
		A138F21F1FBD846700058855 /* Build configuration list for PBXProject "BGYZhiTuo" */ = {
			isa = XCConfigurationList;
			buildConfigurations = (
				A138F24E1FBD846700058855 /* Debug */,
				A138F24F1FBD846700058855 /* Release */,
			);
			defaultConfigurationIsVisible = 0;
			defaultConfigurationName = Release;
		};
		A138F2501FBD846700058855 /* Build configuration list for PBXNativeTarget "BGYZhiTuo" */ = {
			isa = XCConfigurationList;
			buildConfigurations = (
				A138F2511FBD846700058855 /* Debug */,
				A138F2521FBD846700058855 /* Release */,
			);
			defaultConfigurationIsVisible = 0;
			defaultConfigurationName = Release;
		};
		A138F2531FBD846700058855 /* Build configuration list for PBXNativeTarget "BGYZhiTuoTests" */ = {
			isa = XCConfigurationList;
			buildConfigurations = (
				A138F2541FBD846700058855 /* Debug */,
				A138F2551FBD846700058855 /* Release */,
			);
			defaultConfigurationIsVisible = 0;
			defaultConfigurationName = Release;
		};
		A138F2561FBD846700058855 /* Build configuration list for PBXNativeTarget "BGYZhiTuoUITests" */ = {
			isa = XCConfigurationList;
			buildConfigurations = (
				A138F2571FBD846700058855 /* Debug */,
				A138F2581FBD846700058855 /* Release */,
			);
			defaultConfigurationIsVisible = 0;
			defaultConfigurationName = Release;
		};
/* End XCConfigurationList section */
	};
	rootObject = A138F21C1FBD846700058855 /* Project object */;
}
